// !$*UTF8*$!
{
	archiveVersion = 1;
	classes = {
	};
	objectVersion = 56;
	objects = {

/* Begin PBXBuildFile section */
		CA2719F12AF4CB890075599A /* ImageService.swift in Sources */ = {isa = PBXBuildFile; fileRef = CA2719F02AF4CB890075599A /* ImageService.swift */; };
		CA2719F42AF4CBBB0075599A /* Card.swift in Sources */ = {isa = PBXBuildFile; fileRef = CA2719F32AF4CBBB0075599A /* Card.swift */; };
		CA2719F62AF4CD780075599A /* URLResponse+.swift in Sources */ = {isa = PBXBuildFile; fileRef = CA2719F52AF4CD780075599A /* URLResponse+.swift */; };
		CA2719F82AF4D3DD0075599A /* GoogleService-Info.plist in Resources */ = {isa = PBXBuildFile; fileRef = CA2719F72AF4D3DD0075599A /* GoogleService-Info.plist */; };
		CA271A052AF4E03B0075599A /* FirebaseService.swift in Sources */ = {isa = PBXBuildFile; fileRef = CA271A042AF4E03B0075599A /* FirebaseService.swift */; };
		CA6452552AF90874007C2780 /* CardFBModel.swift in Sources */ = {isa = PBXBuildFile; fileRef = CA6452542AF90874007C2780 /* CardFBModel.swift */; };
		CA6452572AF90F61007C2780 /* Sequence+.swift in Sources */ = {isa = PBXBuildFile; fileRef = CA6452562AF90F61007C2780 /* Sequence+.swift */; };
		CA7524B32AF8CD0700C7A5CD /* FirebaseKey.swift in Sources */ = {isa = PBXBuildFile; fileRef = CA7524B22AF8CD0700C7A5CD /* FirebaseKey.swift */; };
		CA7524B52AF8CD2600C7A5CD /* CardDecodable.swift in Sources */ = {isa = PBXBuildFile; fileRef = CA7524B42AF8CD2600C7A5CD /* CardDecodable.swift */; };
		CA7524B72AF8CDCF00C7A5CD /* FirebaseErrors.swift in Sources */ = {isa = PBXBuildFile; fileRef = CA7524B62AF8CDCF00C7A5CD /* FirebaseErrors.swift */; };
		CA7524B92AF8D19400C7A5CD /* StorageService.swift in Sources */ = {isa = PBXBuildFile; fileRef = CA7524B82AF8D19400C7A5CD /* StorageService.swift */; };
		CA7524BC2AF8D4B400C7A5CD /* ImageServiceError.swift in Sources */ = {isa = PBXBuildFile; fileRef = CA7524BB2AF8D4B400C7A5CD /* ImageServiceError.swift */; };
		CA7524BF2AF8DD1900C7A5CD /* FirebaseAnalytics in Frameworks */ = {isa = PBXBuildFile; productRef = CA7524BE2AF8DD1900C7A5CD /* FirebaseAnalytics */; };
		CA7524C12AF8DD1900C7A5CD /* FirebaseAnalyticsOnDeviceConversion in Frameworks */ = {isa = PBXBuildFile; productRef = CA7524C02AF8DD1900C7A5CD /* FirebaseAnalyticsOnDeviceConversion */; };
		CA7524C32AF8DD1900C7A5CD /* FirebaseAnalyticsSwift in Frameworks */ = {isa = PBXBuildFile; productRef = CA7524C22AF8DD1900C7A5CD /* FirebaseAnalyticsSwift */; };
		CA7524C52AF8DD1900C7A5CD /* FirebaseAnalyticsWithoutAdIdSupport in Frameworks */ = {isa = PBXBuildFile; productRef = CA7524C42AF8DD1900C7A5CD /* FirebaseAnalyticsWithoutAdIdSupport */; };
		CA7524C72AF8DD1900C7A5CD /* FirebaseAppCheck in Frameworks */ = {isa = PBXBuildFile; productRef = CA7524C62AF8DD1900C7A5CD /* FirebaseAppCheck */; };
		CA7524C92AF8DD1900C7A5CD /* FirebaseAppDistribution-Beta in Frameworks */ = {isa = PBXBuildFile; productRef = CA7524C82AF8DD1900C7A5CD /* FirebaseAppDistribution-Beta */; };
		CA7524CB2AF8DD1900C7A5CD /* FirebaseAuth in Frameworks */ = {isa = PBXBuildFile; productRef = CA7524CA2AF8DD1900C7A5CD /* FirebaseAuth */; };
		CA7524CD2AF8DD1900C7A5CD /* FirebaseAuthCombine-Community in Frameworks */ = {isa = PBXBuildFile; productRef = CA7524CC2AF8DD1900C7A5CD /* FirebaseAuthCombine-Community */; };
		CA7524CF2AF8DD1900C7A5CD /* FirebaseCrashlytics in Frameworks */ = {isa = PBXBuildFile; productRef = CA7524CE2AF8DD1900C7A5CD /* FirebaseCrashlytics */; };
		CA7524D12AF8DD1900C7A5CD /* FirebaseDatabase in Frameworks */ = {isa = PBXBuildFile; productRef = CA7524D02AF8DD1900C7A5CD /* FirebaseDatabase */; };
		CA7524D32AF8DD1900C7A5CD /* FirebaseDatabaseSwift in Frameworks */ = {isa = PBXBuildFile; productRef = CA7524D22AF8DD1900C7A5CD /* FirebaseDatabaseSwift */; };
		CA7524D52AF8DD1900C7A5CD /* FirebaseDynamicLinks in Frameworks */ = {isa = PBXBuildFile; productRef = CA7524D42AF8DD1900C7A5CD /* FirebaseDynamicLinks */; };
		CA7524D72AF8DD1900C7A5CD /* FirebaseFirestore in Frameworks */ = {isa = PBXBuildFile; productRef = CA7524D62AF8DD1900C7A5CD /* FirebaseFirestore */; };
		CA7524D92AF8DD1900C7A5CD /* FirebaseFirestoreCombine-Community in Frameworks */ = {isa = PBXBuildFile; productRef = CA7524D82AF8DD1900C7A5CD /* FirebaseFirestoreCombine-Community */; };
		CA7524DB2AF8DD1900C7A5CD /* FirebaseFirestoreSwift in Frameworks */ = {isa = PBXBuildFile; productRef = CA7524DA2AF8DD1900C7A5CD /* FirebaseFirestoreSwift */; };
		CA7524DD2AF8DD1900C7A5CD /* FirebaseFunctions in Frameworks */ = {isa = PBXBuildFile; productRef = CA7524DC2AF8DD1900C7A5CD /* FirebaseFunctions */; };
		CA7524DF2AF8DD1900C7A5CD /* FirebaseInAppMessaging-Beta in Frameworks */ = {isa = PBXBuildFile; productRef = CA7524DE2AF8DD1900C7A5CD /* FirebaseInAppMessaging-Beta */; };
		CA7524E12AF8DD1900C7A5CD /* FirebaseInAppMessagingSwift-Beta in Frameworks */ = {isa = PBXBuildFile; productRef = CA7524E02AF8DD1900C7A5CD /* FirebaseInAppMessagingSwift-Beta */; };
		CA7524E32AF8DD1900C7A5CD /* FirebaseInstallations in Frameworks */ = {isa = PBXBuildFile; productRef = CA7524E22AF8DD1900C7A5CD /* FirebaseInstallations */; };
		CA7524E52AF8DD1900C7A5CD /* FirebaseMLModelDownloader in Frameworks */ = {isa = PBXBuildFile; productRef = CA7524E42AF8DD1900C7A5CD /* FirebaseMLModelDownloader */; };
		CA7524E72AF8DD1900C7A5CD /* FirebaseMessaging in Frameworks */ = {isa = PBXBuildFile; productRef = CA7524E62AF8DD1900C7A5CD /* FirebaseMessaging */; };
		CA7524E92AF8DD1900C7A5CD /* FirebasePerformance in Frameworks */ = {isa = PBXBuildFile; productRef = CA7524E82AF8DD1900C7A5CD /* FirebasePerformance */; };
		CA7524EB2AF8DD1900C7A5CD /* FirebaseRemoteConfig in Frameworks */ = {isa = PBXBuildFile; productRef = CA7524EA2AF8DD1900C7A5CD /* FirebaseRemoteConfig */; };
		CA7524ED2AF8DD1900C7A5CD /* FirebaseRemoteConfigSwift in Frameworks */ = {isa = PBXBuildFile; productRef = CA7524EC2AF8DD1900C7A5CD /* FirebaseRemoteConfigSwift */; };
		CA7524EF2AF8DD1900C7A5CD /* FirebaseStorage in Frameworks */ = {isa = PBXBuildFile; productRef = CA7524EE2AF8DD1900C7A5CD /* FirebaseStorage */; };
		CA7524F12AF8DD1900C7A5CD /* FirebaseStorageCombine-Community in Frameworks */ = {isa = PBXBuildFile; productRef = CA7524F02AF8DD1900C7A5CD /* FirebaseStorageCombine-Community */; };
		CAD304DC2AF3800200A18306 /* AppDelegate.swift in Sources */ = {isa = PBXBuildFile; fileRef = CAD304DB2AF3800200A18306 /* AppDelegate.swift */; };
		CAD304DE2AF3800200A18306 /* SceneDelegate.swift in Sources */ = {isa = PBXBuildFile; fileRef = CAD304DD2AF3800200A18306 /* SceneDelegate.swift */; };
		CAD304E02AF3800200A18306 /* CardsListViewController.swift in Sources */ = {isa = PBXBuildFile; fileRef = CAD304DF2AF3800200A18306 /* CardsListViewController.swift */; };
		CAD304E32AF3800200A18306 /* CardsList.storyboard in Resources */ = {isa = PBXBuildFile; fileRef = CAD304E12AF3800200A18306 /* CardsList.storyboard */; };
		CAD304E52AF3800300A18306 /* Assets.xcassets in Resources */ = {isa = PBXBuildFile; fileRef = CAD304E42AF3800300A18306 /* Assets.xcassets */; };
		CAD304E82AF3800300A18306 /* LaunchScreen.storyboard in Resources */ = {isa = PBXBuildFile; fileRef = CAD304E62AF3800300A18306 /* LaunchScreen.storyboard */; };
		CAD304F12AF3897200A18306 /* CardsListViewModel.swift in Sources */ = {isa = PBXBuildFile; fileRef = CAD304F02AF3897200A18306 /* CardsListViewModel.swift */; };
		CAD304F52AF38A1700A18306 /* CardCollectionViewCell.xib in Resources */ = {isa = PBXBuildFile; fileRef = CAD304F42AF38A1700A18306 /* CardCollectionViewCell.xib */; };
		CAD304F72AF38A2800A18306 /* CardCollectionViewCell.swift in Sources */ = {isa = PBXBuildFile; fileRef = CAD304F62AF38A2800A18306 /* CardCollectionViewCell.swift */; };
		CAD304FD2AF38DC000A18306 /* UICollectionView+.swift in Sources */ = {isa = PBXBuildFile; fileRef = CAD304FC2AF38DC000A18306 /* UICollectionView+.swift */; };
/* End PBXBuildFile section */

/* Begin PBXFileReference section */
		CA2719F02AF4CB890075599A /* ImageService.swift */ = {isa = PBXFileReference; lastKnownFileType = sourcecode.swift; path = ImageService.swift; sourceTree = "<group>"; };
		CA2719F32AF4CBBB0075599A /* Card.swift */ = {isa = PBXFileReference; lastKnownFileType = sourcecode.swift; path = Card.swift; sourceTree = "<group>"; };
		CA2719F52AF4CD780075599A /* URLResponse+.swift */ = {isa = PBXFileReference; lastKnownFileType = sourcecode.swift; path = "URLResponse+.swift"; sourceTree = "<group>"; };
		CA2719F72AF4D3DD0075599A /* GoogleService-Info.plist */ = {isa = PBXFileReference; fileEncoding = 4; lastKnownFileType = text.plist.xml; path = "GoogleService-Info.plist"; sourceTree = "<group>"; };
		CA271A042AF4E03B0075599A /* FirebaseService.swift */ = {isa = PBXFileReference; lastKnownFileType = sourcecode.swift; path = FirebaseService.swift; sourceTree = "<group>"; };
		CA6452542AF90874007C2780 /* CardFBModel.swift */ = {isa = PBXFileReference; lastKnownFileType = sourcecode.swift; path = CardFBModel.swift; sourceTree = "<group>"; };
		CA6452562AF90F61007C2780 /* Sequence+.swift */ = {isa = PBXFileReference; lastKnownFileType = sourcecode.swift; path = "Sequence+.swift"; sourceTree = "<group>"; };
		CA7524B22AF8CD0700C7A5CD /* FirebaseKey.swift */ = {isa = PBXFileReference; lastKnownFileType = sourcecode.swift; path = FirebaseKey.swift; sourceTree = "<group>"; };
		CA7524B42AF8CD2600C7A5CD /* CardDecodable.swift */ = {isa = PBXFileReference; lastKnownFileType = sourcecode.swift; path = CardDecodable.swift; sourceTree = "<group>"; };
		CA7524B62AF8CDCF00C7A5CD /* FirebaseErrors.swift */ = {isa = PBXFileReference; lastKnownFileType = sourcecode.swift; path = FirebaseErrors.swift; sourceTree = "<group>"; };
		CA7524B82AF8D19400C7A5CD /* StorageService.swift */ = {isa = PBXFileReference; lastKnownFileType = sourcecode.swift; path = StorageService.swift; sourceTree = "<group>"; };
		CA7524BB2AF8D4B400C7A5CD /* ImageServiceError.swift */ = {isa = PBXFileReference; lastKnownFileType = sourcecode.swift; path = ImageServiceError.swift; sourceTree = "<group>"; };
		CAD304D82AF3800200A18306 /* Cards.app */ = {isa = PBXFileReference; explicitFileType = wrapper.application; includeInIndex = 0; path = Cards.app; sourceTree = BUILT_PRODUCTS_DIR; };
		CAD304DB2AF3800200A18306 /* AppDelegate.swift */ = {isa = PBXFileReference; lastKnownFileType = sourcecode.swift; path = AppDelegate.swift; sourceTree = "<group>"; };
		CAD304DD2AF3800200A18306 /* SceneDelegate.swift */ = {isa = PBXFileReference; lastKnownFileType = sourcecode.swift; path = SceneDelegate.swift; sourceTree = "<group>"; };
		CAD304DF2AF3800200A18306 /* CardsListViewController.swift */ = {isa = PBXFileReference; lastKnownFileType = sourcecode.swift; path = CardsListViewController.swift; sourceTree = "<group>"; };
		CAD304E22AF3800200A18306 /* Base */ = {isa = PBXFileReference; lastKnownFileType = file.storyboard; name = Base; path = Base.lproj/CardsList.storyboard; sourceTree = "<group>"; };
		CAD304E42AF3800300A18306 /* Assets.xcassets */ = {isa = PBXFileReference; lastKnownFileType = folder.assetcatalog; path = Assets.xcassets; sourceTree = "<group>"; };
		CAD304E72AF3800300A18306 /* Base */ = {isa = PBXFileReference; lastKnownFileType = file.storyboard; name = Base; path = Base.lproj/LaunchScreen.storyboard; sourceTree = "<group>"; };
		CAD304E92AF3800300A18306 /* Info.plist */ = {isa = PBXFileReference; lastKnownFileType = text.plist.xml; path = Info.plist; sourceTree = "<group>"; };
		CAD304F02AF3897200A18306 /* CardsListViewModel.swift */ = {isa = PBXFileReference; lastKnownFileType = sourcecode.swift; path = CardsListViewModel.swift; sourceTree = "<group>"; };
		CAD304F42AF38A1700A18306 /* CardCollectionViewCell.xib */ = {isa = PBXFileReference; lastKnownFileType = file.xib; path = CardCollectionViewCell.xib; sourceTree = "<group>"; };
		CAD304F62AF38A2800A18306 /* CardCollectionViewCell.swift */ = {isa = PBXFileReference; lastKnownFileType = sourcecode.swift; path = CardCollectionViewCell.swift; sourceTree = "<group>"; };
		CAD304FC2AF38DC000A18306 /* UICollectionView+.swift */ = {isa = PBXFileReference; lastKnownFileType = sourcecode.swift; path = "UICollectionView+.swift"; sourceTree = "<group>"; };
/* End PBXFileReference section */

/* Begin PBXFrameworksBuildPhase section */
		CAD304D52AF3800200A18306 /* Frameworks */ = {
			isa = PBXFrameworksBuildPhase;
			buildActionMask = 2147483647;
			files = (
				CA7524E92AF8DD1900C7A5CD /* FirebasePerformance in Frameworks */,
				CA7524D12AF8DD1900C7A5CD /* FirebaseDatabase in Frameworks */,
				CA7524D72AF8DD1900C7A5CD /* FirebaseFirestore in Frameworks */,
				CA7524EF2AF8DD1900C7A5CD /* FirebaseStorage in Frameworks */,
				CA7524C32AF8DD1900C7A5CD /* FirebaseAnalyticsSwift in Frameworks */,
				CA7524BF2AF8DD1900C7A5CD /* FirebaseAnalytics in Frameworks */,
				CA7524C12AF8DD1900C7A5CD /* FirebaseAnalyticsOnDeviceConversion in Frameworks */,
				CA7524DF2AF8DD1900C7A5CD /* FirebaseInAppMessaging-Beta in Frameworks */,
				CA7524DB2AF8DD1900C7A5CD /* FirebaseFirestoreSwift in Frameworks */,
				CA7524E52AF8DD1900C7A5CD /* FirebaseMLModelDownloader in Frameworks */,
				CA7524ED2AF8DD1900C7A5CD /* FirebaseRemoteConfigSwift in Frameworks */,
				CA7524C72AF8DD1900C7A5CD /* FirebaseAppCheck in Frameworks */,
				CA7524E72AF8DD1900C7A5CD /* FirebaseMessaging in Frameworks */,
				CA7524E32AF8DD1900C7A5CD /* FirebaseInstallations in Frameworks */,
				CA7524C52AF8DD1900C7A5CD /* FirebaseAnalyticsWithoutAdIdSupport in Frameworks */,
				CA7524CB2AF8DD1900C7A5CD /* FirebaseAuth in Frameworks */,
				CA7524F12AF8DD1900C7A5CD /* FirebaseStorageCombine-Community in Frameworks */,
				CA7524CF2AF8DD1900C7A5CD /* FirebaseCrashlytics in Frameworks */,
				CA7524D32AF8DD1900C7A5CD /* FirebaseDatabaseSwift in Frameworks */,
				CA7524DD2AF8DD1900C7A5CD /* FirebaseFunctions in Frameworks */,
				CA7524C92AF8DD1900C7A5CD /* FirebaseAppDistribution-Beta in Frameworks */,
				CA7524EB2AF8DD1900C7A5CD /* FirebaseRemoteConfig in Frameworks */,
				CA7524CD2AF8DD1900C7A5CD /* FirebaseAuthCombine-Community in Frameworks */,
				CA7524D52AF8DD1900C7A5CD /* FirebaseDynamicLinks in Frameworks */,
				CA7524E12AF8DD1900C7A5CD /* FirebaseInAppMessagingSwift-Beta in Frameworks */,
				CA7524D92AF8DD1900C7A5CD /* FirebaseFirestoreCombine-Community in Frameworks */,
			);
			runOnlyForDeploymentPostprocessing = 0;
		};
/* End PBXFrameworksBuildPhase section */

/* Begin PBXGroup section */
		CA2719F22AF4CBAF0075599A /* Models */ = {
			isa = PBXGroup;
			children = (
				CA2719F32AF4CBBB0075599A /* Card.swift */,
				CA6452542AF90874007C2780 /* CardFBModel.swift */,
			);
			path = Models;
			sourceTree = "<group>";
		};
		CA7524B12AF8CCE800C7A5CD /* Firebase */ = {
			isa = PBXGroup;
			children = (
				CA271A042AF4E03B0075599A /* FirebaseService.swift */,
				CA7524B22AF8CD0700C7A5CD /* FirebaseKey.swift */,
				CA7524B42AF8CD2600C7A5CD /* CardDecodable.swift */,
				CA7524B62AF8CDCF00C7A5CD /* FirebaseErrors.swift */,
			);
			path = Firebase;
			sourceTree = "<group>";
		};
		CA7524BA2AF8D48200C7A5CD /* ImageService */ = {
			isa = PBXGroup;
			children = (
				CA2719F02AF4CB890075599A /* ImageService.swift */,
				CA7524BB2AF8D4B400C7A5CD /* ImageServiceError.swift */,
			);
			path = ImageService;
			sourceTree = "<group>";
		};
		CAD304CF2AF3800200A18306 = {
			isa = PBXGroup;
			children = (
				CAD304DA2AF3800200A18306 /* Cards */,
				CAD304D92AF3800200A18306 /* Products */,
			);
			sourceTree = "<group>";
		};
		CAD304D92AF3800200A18306 /* Products */ = {
			isa = PBXGroup;
			children = (
				CAD304D82AF3800200A18306 /* Cards.app */,
			);
			name = Products;
			sourceTree = "<group>";
		};
		CAD304DA2AF3800200A18306 /* Cards */ = {
			isa = PBXGroup;
			children = (
				CA2719F22AF4CBAF0075599A /* Models */,
				CAD304FE2AF3A43F00A18306 /* Services */,
				CAD304FB2AF38DAF00A18306 /* Support */,
				CAD304DB2AF3800200A18306 /* AppDelegate.swift */,
				CAD304DD2AF3800200A18306 /* SceneDelegate.swift */,
				CAD304EF2AF3895F00A18306 /* CardsList */,
				CAD304FA2AF38C3500A18306 /* Resources */,
				CAD304F92AF38C2700A18306 /* Storyboards */,
				CAD304E92AF3800300A18306 /* Info.plist */,
				CA2719F72AF4D3DD0075599A /* GoogleService-Info.plist */,
			);
			path = Cards;
			sourceTree = "<group>";
		};
		CAD304EF2AF3895F00A18306 /* CardsList */ = {
			isa = PBXGroup;
			children = (
				CAD304F82AF38A3200A18306 /* View */,
				CAD304DF2AF3800200A18306 /* CardsListViewController.swift */,
				CAD304F02AF3897200A18306 /* CardsListViewModel.swift */,
			);
			path = CardsList;
			sourceTree = "<group>";
		};
		CAD304F82AF38A3200A18306 /* View */ = {
			isa = PBXGroup;
			children = (
				CAD304F42AF38A1700A18306 /* CardCollectionViewCell.xib */,
				CAD304F62AF38A2800A18306 /* CardCollectionViewCell.swift */,
			);
			path = View;
			sourceTree = "<group>";
		};
		CAD304F92AF38C2700A18306 /* Storyboards */ = {
			isa = PBXGroup;
			children = (
				CAD304E12AF3800200A18306 /* CardsList.storyboard */,
			);
			path = Storyboards;
			sourceTree = "<group>";
		};
		CAD304FA2AF38C3500A18306 /* Resources */ = {
			isa = PBXGroup;
			children = (
				CAD304E42AF3800300A18306 /* Assets.xcassets */,
				CAD304E62AF3800300A18306 /* LaunchScreen.storyboard */,
			);
			path = Resources;
			sourceTree = "<group>";
		};
		CAD304FB2AF38DAF00A18306 /* Support */ = {
			isa = PBXGroup;
			children = (
				CAD304FC2AF38DC000A18306 /* UICollectionView+.swift */,
				CA2719F52AF4CD780075599A /* URLResponse+.swift */,
				CA6452562AF90F61007C2780 /* Sequence+.swift */,
			);
			path = Support;
			sourceTree = "<group>";
		};
		CAD304FE2AF3A43F00A18306 /* Services */ = {
			isa = PBXGroup;
			children = (
				CA7524BA2AF8D48200C7A5CD /* ImageService */,
				CA7524B12AF8CCE800C7A5CD /* Firebase */,
				CA7524B82AF8D19400C7A5CD /* StorageService.swift */,
			);
			path = Services;
			sourceTree = "<group>";
		};
/* End PBXGroup section */

/* Begin PBXNativeTarget section */
		CAD304D72AF3800200A18306 /* Cards */ = {
			isa = PBXNativeTarget;
			buildConfigurationList = CAD304EC2AF3800300A18306 /* Build configuration list for PBXNativeTarget "Cards" */;
			buildPhases = (
				CAD304D42AF3800200A18306 /* Sources */,
				CAD304D52AF3800200A18306 /* Frameworks */,
				CAD304D62AF3800200A18306 /* Resources */,
			);
			buildRules = (
			);
			dependencies = (
			);
			name = Cards;
			packageProductDependencies = (
				CA7524BE2AF8DD1900C7A5CD /* FirebaseAnalytics */,
				CA7524C02AF8DD1900C7A5CD /* FirebaseAnalyticsOnDeviceConversion */,
				CA7524C22AF8DD1900C7A5CD /* FirebaseAnalyticsSwift */,
				CA7524C42AF8DD1900C7A5CD /* FirebaseAnalyticsWithoutAdIdSupport */,
				CA7524C62AF8DD1900C7A5CD /* FirebaseAppCheck */,
				CA7524C82AF8DD1900C7A5CD /* FirebaseAppDistribution-Beta */,
				CA7524CA2AF8DD1900C7A5CD /* FirebaseAuth */,
				CA7524CC2AF8DD1900C7A5CD /* FirebaseAuthCombine-Community */,
				CA7524CE2AF8DD1900C7A5CD /* FirebaseCrashlytics */,
				CA7524D02AF8DD1900C7A5CD /* FirebaseDatabase */,
				CA7524D22AF8DD1900C7A5CD /* FirebaseDatabaseSwift */,
				CA7524D42AF8DD1900C7A5CD /* FirebaseDynamicLinks */,
				CA7524D62AF8DD1900C7A5CD /* FirebaseFirestore */,
				CA7524D82AF8DD1900C7A5CD /* FirebaseFirestoreCombine-Community */,
				CA7524DA2AF8DD1900C7A5CD /* FirebaseFirestoreSwift */,
				CA7524DC2AF8DD1900C7A5CD /* FirebaseFunctions */,
				CA7524DE2AF8DD1900C7A5CD /* FirebaseInAppMessaging-Beta */,
				CA7524E02AF8DD1900C7A5CD /* FirebaseInAppMessagingSwift-Beta */,
				CA7524E22AF8DD1900C7A5CD /* FirebaseInstallations */,
				CA7524E42AF8DD1900C7A5CD /* FirebaseMLModelDownloader */,
				CA7524E62AF8DD1900C7A5CD /* FirebaseMessaging */,
				CA7524E82AF8DD1900C7A5CD /* FirebasePerformance */,
				CA7524EA2AF8DD1900C7A5CD /* FirebaseRemoteConfig */,
				CA7524EC2AF8DD1900C7A5CD /* FirebaseRemoteConfigSwift */,
				CA7524EE2AF8DD1900C7A5CD /* FirebaseStorage */,
				CA7524F02AF8DD1900C7A5CD /* FirebaseStorageCombine-Community */,
			);
			productName = Cards;
			productReference = CAD304D82AF3800200A18306 /* Cards.app */;
			productType = "com.apple.product-type.application";
		};
/* End PBXNativeTarget section */

/* Begin PBXProject section */
		CAD304D02AF3800200A18306 /* Project object */ = {
			isa = PBXProject;
			attributes = {
				BuildIndependentTargetsInParallel = 1;
				LastSwiftUpdateCheck = 1500;
				LastUpgradeCheck = 1500;
				TargetAttributes = {
					CAD304D72AF3800200A18306 = {
						CreatedOnToolsVersion = 15.0;
					};
				};
			};
			buildConfigurationList = CAD304D32AF3800200A18306 /* Build configuration list for PBXProject "Cards" */;
			compatibilityVersion = "Xcode 14.0";
			developmentRegion = en;
			hasScannedForEncodings = 0;
			knownRegions = (
				en,
				Base,
			);
			mainGroup = CAD304CF2AF3800200A18306;
			packageReferences = (
				CA7524BD2AF8DD1900C7A5CD /* XCRemoteSwiftPackageReference "firebase-ios-sdk" */,
			);
			productRefGroup = CAD304D92AF3800200A18306 /* Products */;
			projectDirPath = "";
			projectRoot = "";
			targets = (
				CAD304D72AF3800200A18306 /* Cards */,
			);
		};
/* End PBXProject section */

/* Begin PBXResourcesBuildPhase section */
		CAD304D62AF3800200A18306 /* Resources */ = {
			isa = PBXResourcesBuildPhase;
			buildActionMask = 2147483647;
			files = (
				CAD304F52AF38A1700A18306 /* CardCollectionViewCell.xib in Resources */,
				CAD304E82AF3800300A18306 /* LaunchScreen.storyboard in Resources */,
				CA2719F82AF4D3DD0075599A /* GoogleService-Info.plist in Resources */,
				CAD304E52AF3800300A18306 /* Assets.xcassets in Resources */,
				CAD304E32AF3800200A18306 /* CardsList.storyboard in Resources */,
			);
			runOnlyForDeploymentPostprocessing = 0;
		};
/* End PBXResourcesBuildPhase section */

/* Begin PBXSourcesBuildPhase section */
		CAD304D42AF3800200A18306 /* Sources */ = {
			isa = PBXSourcesBuildPhase;
			buildActionMask = 2147483647;
			files = (
				CA6452552AF90874007C2780 /* CardFBModel.swift in Sources */,
				CAD304F12AF3897200A18306 /* CardsListViewModel.swift in Sources */,
				CAD304E02AF3800200A18306 /* CardsListViewController.swift in Sources */,
				CA2719F12AF4CB890075599A /* ImageService.swift in Sources */,
				CA2719F42AF4CBBB0075599A /* Card.swift in Sources */,
				CA6452572AF90F61007C2780 /* Sequence+.swift in Sources */,
				CA7524B92AF8D19400C7A5CD /* StorageService.swift in Sources */,
				CA7524B72AF8CDCF00C7A5CD /* FirebaseErrors.swift in Sources */,
				CAD304DC2AF3800200A18306 /* AppDelegate.swift in Sources */,
				CAD304F72AF38A2800A18306 /* CardCollectionViewCell.swift in Sources */,
				CA2719F62AF4CD780075599A /* URLResponse+.swift in Sources */,
				CAD304FD2AF38DC000A18306 /* UICollectionView+.swift in Sources */,
				CA271A052AF4E03B0075599A /* FirebaseService.swift in Sources */,
				CAD304DE2AF3800200A18306 /* SceneDelegate.swift in Sources */,
				CA7524B52AF8CD2600C7A5CD /* CardDecodable.swift in Sources */,
				CA7524B32AF8CD0700C7A5CD /* FirebaseKey.swift in Sources */,
				CA7524BC2AF8D4B400C7A5CD /* ImageServiceError.swift in Sources */,
			);
			runOnlyForDeploymentPostprocessing = 0;
		};
/* End PBXSourcesBuildPhase section */

/* Begin PBXVariantGroup section */
		CAD304E12AF3800200A18306 /* CardsList.storyboard */ = {
			isa = PBXVariantGroup;
			children = (
				CAD304E22AF3800200A18306 /* Base */,
			);
			name = CardsList.storyboard;
			sourceTree = "<group>";
		};
		CAD304E62AF3800300A18306 /* LaunchScreen.storyboard */ = {
			isa = PBXVariantGroup;
			children = (
				CAD304E72AF3800300A18306 /* Base */,
			);
			name = LaunchScreen.storyboard;
			sourceTree = "<group>";
		};
/* End PBXVariantGroup section */

/* Begin XCBuildConfiguration section */
		CAD304EA2AF3800300A18306 /* Debug */ = {
			isa = XCBuildConfiguration;
			buildSettings = {
				ALWAYS_SEARCH_USER_PATHS = NO;
				ASSETCATALOG_COMPILER_GENERATE_SWIFT_ASSET_SYMBOL_EXTENSIONS = YES;
				CLANG_ANALYZER_NONNULL = YES;
				CLANG_ANALYZER_NUMBER_OBJECT_CONVERSION = YES_AGGRESSIVE;
				CLANG_CXX_LANGUAGE_STANDARD = "gnu++20";
				CLANG_ENABLE_MODULES = YES;
				CLANG_ENABLE_OBJC_ARC = YES;
				CLANG_ENABLE_OBJC_WEAK = YES;
				CLANG_WARN_BLOCK_CAPTURE_AUTORELEASING = YES;
				CLANG_WARN_BOOL_CONVERSION = YES;
				CLANG_WARN_COMMA = YES;
				CLANG_WARN_CONSTANT_CONVERSION = YES;
				CLANG_WARN_DEPRECATED_OBJC_IMPLEMENTATIONS = YES;
				CLANG_WARN_DIRECT_OBJC_ISA_USAGE = YES_ERROR;
				CLANG_WARN_DOCUMENTATION_COMMENTS = YES;
				CLANG_WARN_EMPTY_BODY = YES;
				CLANG_WARN_ENUM_CONVERSION = YES;
				CLANG_WARN_INFINITE_RECURSION = YES;
				CLANG_WARN_INT_CONVERSION = YES;
				CLANG_WARN_NON_LITERAL_NULL_CONVERSION = YES;
				CLANG_WARN_OBJC_IMPLICIT_RETAIN_SELF = YES;
				CLANG_WARN_OBJC_LITERAL_CONVERSION = YES;
				CLANG_WARN_OBJC_ROOT_CLASS = YES_ERROR;
				CLANG_WARN_QUOTED_INCLUDE_IN_FRAMEWORK_HEADER = YES;
				CLANG_WARN_RANGE_LOOP_ANALYSIS = YES;
				CLANG_WARN_STRICT_PROTOTYPES = YES;
				CLANG_WARN_SUSPICIOUS_MOVE = YES;
				CLANG_WARN_UNGUARDED_AVAILABILITY = YES_AGGRESSIVE;
				CLANG_WARN_UNREACHABLE_CODE = YES;
				CLANG_WARN__DUPLICATE_METHOD_MATCH = YES;
				COPY_PHASE_STRIP = NO;
				DEBUG_INFORMATION_FORMAT = dwarf;
				ENABLE_STRICT_OBJC_MSGSEND = YES;
				ENABLE_TESTABILITY = YES;
				ENABLE_USER_SCRIPT_SANDBOXING = YES;
				GCC_C_LANGUAGE_STANDARD = gnu17;
				GCC_DYNAMIC_NO_PIC = NO;
				GCC_NO_COMMON_BLOCKS = YES;
				GCC_OPTIMIZATION_LEVEL = 0;
				GCC_PREPROCESSOR_DEFINITIONS = (
					"DEBUG=1",
					"$(inherited)",
				);
				GCC_WARN_64_TO_32_BIT_CONVERSION = YES;
				GCC_WARN_ABOUT_RETURN_TYPE = YES_ERROR;
				GCC_WARN_UNDECLARED_SELECTOR = YES;
				GCC_WARN_UNINITIALIZED_AUTOS = YES_AGGRESSIVE;
				GCC_WARN_UNUSED_FUNCTION = YES;
				GCC_WARN_UNUSED_VARIABLE = YES;
				IPHONEOS_DEPLOYMENT_TARGET = 15.0;
				LOCALIZATION_PREFERS_STRING_CATALOGS = YES;
				MTL_ENABLE_DEBUG_INFO = INCLUDE_SOURCE;
				MTL_FAST_MATH = YES;
				ONLY_ACTIVE_ARCH = YES;
				SDKROOT = iphoneos;
				SWIFT_ACTIVE_COMPILATION_CONDITIONS = "DEBUG $(inherited)";
				SWIFT_OPTIMIZATION_LEVEL = "-Onone";
			};
			name = Debug;
		};
		CAD304EB2AF3800300A18306 /* Release */ = {
			isa = XCBuildConfiguration;
			buildSettings = {
				ALWAYS_SEARCH_USER_PATHS = NO;
				ASSETCATALOG_COMPILER_GENERATE_SWIFT_ASSET_SYMBOL_EXTENSIONS = YES;
				CLANG_ANALYZER_NONNULL = YES;
				CLANG_ANALYZER_NUMBER_OBJECT_CONVERSION = YES_AGGRESSIVE;
				CLANG_CXX_LANGUAGE_STANDARD = "gnu++20";
				CLANG_ENABLE_MODULES = YES;
				CLANG_ENABLE_OBJC_ARC = YES;
				CLANG_ENABLE_OBJC_WEAK = YES;
				CLANG_WARN_BLOCK_CAPTURE_AUTORELEASING = YES;
				CLANG_WARN_BOOL_CONVERSION = YES;
				CLANG_WARN_COMMA = YES;
				CLANG_WARN_CONSTANT_CONVERSION = YES;
				CLANG_WARN_DEPRECATED_OBJC_IMPLEMENTATIONS = YES;
				CLANG_WARN_DIRECT_OBJC_ISA_USAGE = YES_ERROR;
				CLANG_WARN_DOCUMENTATION_COMMENTS = YES;
				CLANG_WARN_EMPTY_BODY = YES;
				CLANG_WARN_ENUM_CONVERSION = YES;
				CLANG_WARN_INFINITE_RECURSION = YES;
				CLANG_WARN_INT_CONVERSION = YES;
				CLANG_WARN_NON_LITERAL_NULL_CONVERSION = YES;
				CLANG_WARN_OBJC_IMPLICIT_RETAIN_SELF = YES;
				CLANG_WARN_OBJC_LITERAL_CONVERSION = YES;
				CLANG_WARN_OBJC_ROOT_CLASS = YES_ERROR;
				CLANG_WARN_QUOTED_INCLUDE_IN_FRAMEWORK_HEADER = YES;
				CLANG_WARN_RANGE_LOOP_ANALYSIS = YES;
				CLANG_WARN_STRICT_PROTOTYPES = YES;
				CLANG_WARN_SUSPICIOUS_MOVE = YES;
				CLANG_WARN_UNGUARDED_AVAILABILITY = YES_AGGRESSIVE;
				CLANG_WARN_UNREACHABLE_CODE = YES;
				CLANG_WARN__DUPLICATE_METHOD_MATCH = YES;
				COPY_PHASE_STRIP = NO;
				DEBUG_INFORMATION_FORMAT = "dwarf-with-dsym";
				ENABLE_NS_ASSERTIONS = NO;
				ENABLE_STRICT_OBJC_MSGSEND = YES;
				ENABLE_USER_SCRIPT_SANDBOXING = YES;
				GCC_C_LANGUAGE_STANDARD = gnu17;
				GCC_NO_COMMON_BLOCKS = YES;
				GCC_WARN_64_TO_32_BIT_CONVERSION = YES;
				GCC_WARN_ABOUT_RETURN_TYPE = YES_ERROR;
				GCC_WARN_UNDECLARED_SELECTOR = YES;
				GCC_WARN_UNINITIALIZED_AUTOS = YES_AGGRESSIVE;
				GCC_WARN_UNUSED_FUNCTION = YES;
				GCC_WARN_UNUSED_VARIABLE = YES;
				IPHONEOS_DEPLOYMENT_TARGET = 15.0;
				LOCALIZATION_PREFERS_STRING_CATALOGS = YES;
				MTL_ENABLE_DEBUG_INFO = NO;
				MTL_FAST_MATH = YES;
				SDKROOT = iphoneos;
				SWIFT_COMPILATION_MODE = wholemodule;
				VALIDATE_PRODUCT = YES;
			};
			name = Release;
		};
		CAD304ED2AF3800300A18306 /* Debug */ = {
			isa = XCBuildConfiguration;
			buildSettings = {
				ASSETCATALOG_COMPILER_APPICON_NAME = AppIcon;
				ASSETCATALOG_COMPILER_GLOBAL_ACCENT_COLOR_NAME = AccentColor;
				CODE_SIGN_IDENTITY = "Apple Development";
				CODE_SIGN_STYLE = Automatic;
				CURRENT_PROJECT_VERSION = 1;
				DEVELOPMENT_TEAM = 2H8H4JN6T8;
				GENERATE_INFOPLIST_FILE = YES;
				INFOPLIST_FILE = Cards/Info.plist;
				INFOPLIST_KEY_CFBundleDisplayName = Cards;
				INFOPLIST_KEY_UIApplicationSupportsIndirectInputEvents = YES;
				INFOPLIST_KEY_UILaunchStoryboardName = LaunchScreen;
				INFOPLIST_KEY_UIMainStoryboardFile = CardsList;
				INFOPLIST_KEY_UISupportedInterfaceOrientations = "UIInterfaceOrientationLandscapeLeft UIInterfaceOrientationLandscapeRight UIInterfaceOrientationPortrait";
				INFOPLIST_KEY_UISupportedInterfaceOrientations_iPad = UIInterfaceOrientationPortrait;
				IPHONEOS_DEPLOYMENT_TARGET = 15.0;
				LD_RUNPATH_SEARCH_PATHS = (
					"$(inherited)",
					"@executable_path/Frameworks",
				);
				MARKETING_VERSION = 1.0;
				PRODUCT_BUNDLE_IDENTIFIER = shtytsko.Cards;
				PRODUCT_NAME = "$(TARGET_NAME)";
				PROVISIONING_PROFILE_SPECIFIER = "";
				SUPPORTED_PLATFORMS = "iphoneos iphonesimulator";
				SUPPORTS_MACCATALYST = NO;
				SUPPORTS_MAC_DESIGNED_FOR_IPHONE_IPAD = NO;
				SWIFT_EMIT_LOC_STRINGS = YES;
				SWIFT_VERSION = 5.0;
				TARGETED_DEVICE_FAMILY = 1;
			};
			name = Debug;
		};
		CAD304EE2AF3800300A18306 /* Release */ = {
			isa = XCBuildConfiguration;
			buildSettings = {
				ASSETCATALOG_COMPILER_APPICON_NAME = AppIcon;
				ASSETCATALOG_COMPILER_GLOBAL_ACCENT_COLOR_NAME = AccentColor;
				CODE_SIGN_IDENTITY = "Apple Development";
				CODE_SIGN_STYLE = Automatic;
				CURRENT_PROJECT_VERSION = 1;
				DEVELOPMENT_TEAM = 2H8H4JN6T8;
				GENERATE_INFOPLIST_FILE = YES;
				INFOPLIST_FILE = Cards/Info.plist;
				INFOPLIST_KEY_CFBundleDisplayName = Cards;
				INFOPLIST_KEY_UIApplicationSupportsIndirectInputEvents = YES;
				INFOPLIST_KEY_UILaunchStoryboardName = LaunchScreen;
				INFOPLIST_KEY_UIMainStoryboardFile = CardsList;
				INFOPLIST_KEY_UISupportedInterfaceOrientations = "UIInterfaceOrientationLandscapeLeft UIInterfaceOrientationLandscapeRight UIInterfaceOrientationPortrait";
				INFOPLIST_KEY_UISupportedInterfaceOrientations_iPad = UIInterfaceOrientationPortrait;
				IPHONEOS_DEPLOYMENT_TARGET = 15.0;
				LD_RUNPATH_SEARCH_PATHS = (
					"$(inherited)",
					"@executable_path/Frameworks",
				);
				MARKETING_VERSION = 1.0;
				PRODUCT_BUNDLE_IDENTIFIER = shtytsko.Cards;
				PRODUCT_NAME = "$(TARGET_NAME)";
				PROVISIONING_PROFILE_SPECIFIER = "";
				SUPPORTED_PLATFORMS = "iphoneos iphonesimulator";
				SUPPORTS_MACCATALYST = NO;
				SUPPORTS_MAC_DESIGNED_FOR_IPHONE_IPAD = NO;
				SWIFT_EMIT_LOC_STRINGS = YES;
				SWIFT_VERSION = 5.0;
				TARGETED_DEVICE_FAMILY = 1;
			};
			name = Release;
		};
/* End XCBuildConfiguration section */

/* Begin XCConfigurationList section */
		CAD304D32AF3800200A18306 /* Build configuration list for PBXProject "Cards" */ = {
			isa = XCConfigurationList;
			buildConfigurations = (
				CAD304EA2AF3800300A18306 /* Debug */,
				CAD304EB2AF3800300A18306 /* Release */,
			);
			defaultConfigurationIsVisible = 0;
			defaultConfigurationName = Release;
		};
		CAD304EC2AF3800300A18306 /* Build configuration list for PBXNativeTarget "Cards" */ = {
			isa = XCConfigurationList;
			buildConfigurations = (
				CAD304ED2AF3800300A18306 /* Debug */,
				CAD304EE2AF3800300A18306 /* Release */,
			);
			defaultConfigurationIsVisible = 0;
			defaultConfigurationName = Release;
		};
/* End XCConfigurationList section */

/* Begin XCRemoteSwiftPackageReference section */
		CA7524BD2AF8DD1900C7A5CD /* XCRemoteSwiftPackageReference "firebase-ios-sdk" */ = {
			isa = XCRemoteSwiftPackageReference;
			repositoryURL = "https://github.com/firebase/firebase-ios-sdk";
			requirement = {
				kind = upToNextMajorVersion;
				minimumVersion = 10.17.0;
			};
		};
/* End XCRemoteSwiftPackageReference section */

/* Begin XCSwiftPackageProductDependency section */
		CA7524BE2AF8DD1900C7A5CD /* FirebaseAnalytics */ = {
			isa = XCSwiftPackageProductDependency;
			package = CA7524BD2AF8DD1900C7A5CD /* XCRemoteSwiftPackageReference "firebase-ios-sdk" */;
			productName = FirebaseAnalytics;
		};
		CA7524C02AF8DD1900C7A5CD /* FirebaseAnalyticsOnDeviceConversion */ = {
			isa = XCSwiftPackageProductDependency;
			package = CA7524BD2AF8DD1900C7A5CD /* XCRemoteSwiftPackageReference "firebase-ios-sdk" */;
			productName = FirebaseAnalyticsOnDeviceConversion;
		};
		CA7524C22AF8DD1900C7A5CD /* FirebaseAnalyticsSwift */ = {
			isa = XCSwiftPackageProductDependency;
			package = CA7524BD2AF8DD1900C7A5CD /* XCRemoteSwiftPackageReference "firebase-ios-sdk" */;
			productName = FirebaseAnalyticsSwift;
		};
		CA7524C42AF8DD1900C7A5CD /* FirebaseAnalyticsWithoutAdIdSupport */ = {
			isa = XCSwiftPackageProductDependency;
			package = CA7524BD2AF8DD1900C7A5CD /* XCRemoteSwiftPackageReference "firebase-ios-sdk" */;
			productName = FirebaseAnalyticsWithoutAdIdSupport;
		};
		CA7524C62AF8DD1900C7A5CD /* FirebaseAppCheck */ = {
			isa = XCSwiftPackageProductDependency;
			package = CA7524BD2AF8DD1900C7A5CD /* XCRemoteSwiftPackageReference "firebase-ios-sdk" */;
			productName = FirebaseAppCheck;
		};
		CA7524C82AF8DD1900C7A5CD /* FirebaseAppDistribution-Beta */ = {
			isa = XCSwiftPackageProductDependency;
			package = CA7524BD2AF8DD1900C7A5CD /* XCRemoteSwiftPackageReference "firebase-ios-sdk" */;
			productName = "FirebaseAppDistribution-Beta";
		};
		CA7524CA2AF8DD1900C7A5CD /* FirebaseAuth */ = {
			isa = XCSwiftPackageProductDependency;
			package = CA7524BD2AF8DD1900C7A5CD /* XCRemoteSwiftPackageReference "firebase-ios-sdk" */;
			productName = FirebaseAuth;
		};
		CA7524CC2AF8DD1900C7A5CD /* FirebaseAuthCombine-Community */ = {
			isa = XCSwiftPackageProductDependency;
			package = CA7524BD2AF8DD1900C7A5CD /* XCRemoteSwiftPackageReference "firebase-ios-sdk" */;
			productName = "FirebaseAuthCombine-Community";
		};
		CA7524CE2AF8DD1900C7A5CD /* FirebaseCrashlytics */ = {
			isa = XCSwiftPackageProductDependency;
			package = CA7524BD2AF8DD1900C7A5CD /* XCRemoteSwiftPackageReference "firebase-ios-sdk" */;
			productName = FirebaseCrashlytics;
		};
		CA7524D02AF8DD1900C7A5CD /* FirebaseDatabase */ = {
			isa = XCSwiftPackageProductDependency;
			package = CA7524BD2AF8DD1900C7A5CD /* XCRemoteSwiftPackageReference "firebase-ios-sdk" */;
			productName = FirebaseDatabase;
		};
		CA7524D22AF8DD1900C7A5CD /* FirebaseDatabaseSwift */ = {
			isa = XCSwiftPackageProductDependency;
			package = CA7524BD2AF8DD1900C7A5CD /* XCRemoteSwiftPackageReference "firebase-ios-sdk" */;
			productName = FirebaseDatabaseSwift;
		};
		CA7524D42AF8DD1900C7A5CD /* FirebaseDynamicLinks */ = {
			isa = XCSwiftPackageProductDependency;
			package = CA7524BD2AF8DD1900C7A5CD /* XCRemoteSwiftPackageReference "firebase-ios-sdk" */;
			productName = FirebaseDynamicLinks;
		};
		CA7524D62AF8DD1900C7A5CD /* FirebaseFirestore */ = {
			isa = XCSwiftPackageProductDependency;
			package = CA7524BD2AF8DD1900C7A5CD /* XCRemoteSwiftPackageReference "firebase-ios-sdk" */;
			productName = FirebaseFirestore;
		};
		CA7524D82AF8DD1900C7A5CD /* FirebaseFirestoreCombine-Community */ = {
			isa = XCSwiftPackageProductDependency;
			package = CA7524BD2AF8DD1900C7A5CD /* XCRemoteSwiftPackageReference "firebase-ios-sdk" */;
			productName = "FirebaseFirestoreCombine-Community";
		};
		CA7524DA2AF8DD1900C7A5CD /* FirebaseFirestoreSwift */ = {
			isa = XCSwiftPackageProductDependency;
			package = CA7524BD2AF8DD1900C7A5CD /* XCRemoteSwiftPackageReference "firebase-ios-sdk" */;
			productName = FirebaseFirestoreSwift;
		};
		CA7524DC2AF8DD1900C7A5CD /* FirebaseFunctions */ = {
			isa = XCSwiftPackageProductDependency;
			package = CA7524BD2AF8DD1900C7A5CD /* XCRemoteSwiftPackageReference "firebase-ios-sdk" */;
			productName = FirebaseFunctions;
		};
		CA7524DE2AF8DD1900C7A5CD /* FirebaseInAppMessaging-Beta */ = {
			isa = XCSwiftPackageProductDependency;
			package = CA7524BD2AF8DD1900C7A5CD /* XCRemoteSwiftPackageReference "firebase-ios-sdk" */;
			productName = "FirebaseInAppMessaging-Beta";
		};
		CA7524E02AF8DD1900C7A5CD /* FirebaseInAppMessagingSwift-Beta */ = {
			isa = XCSwiftPackageProductDependency;
			package = CA7524BD2AF8DD1900C7A5CD /* XCRemoteSwiftPackageReference "firebase-ios-sdk" */;
			productName = "FirebaseInAppMessagingSwift-Beta";
		};
		CA7524E22AF8DD1900C7A5CD /* FirebaseInstallations */ = {
			isa = XCSwiftPackageProductDependency;
			package = CA7524BD2AF8DD1900C7A5CD /* XCRemoteSwiftPackageReference "firebase-ios-sdk" */;
			productName = FirebaseInstallations;
		};
		CA7524E42AF8DD1900C7A5CD /* FirebaseMLModelDownloader */ = {
			isa = XCSwiftPackageProductDependency;
			package = CA7524BD2AF8DD1900C7A5CD /* XCRemoteSwiftPackageReference "firebase-ios-sdk" */;
			productName = FirebaseMLModelDownloader;
		};
		CA7524E62AF8DD1900C7A5CD /* FirebaseMessaging */ = {
			isa = XCSwiftPackageProductDependency;
			package = CA7524BD2AF8DD1900C7A5CD /* XCRemoteSwiftPackageReference "firebase-ios-sdk" */;
			productName = FirebaseMessaging;
		};
		CA7524E82AF8DD1900C7A5CD /* FirebasePerformance */ = {
			isa = XCSwiftPackageProductDependency;
			package = CA7524BD2AF8DD1900C7A5CD /* XCRemoteSwiftPackageReference "firebase-ios-sdk" */;
			productName = FirebasePerformance;
		};
		CA7524EA2AF8DD1900C7A5CD /* FirebaseRemoteConfig */ = {
			isa = XCSwiftPackageProductDependency;
			package = CA7524BD2AF8DD1900C7A5CD /* XCRemoteSwiftPackageReference "firebase-ios-sdk" */;
			productName = FirebaseRemoteConfig;
		};
		CA7524EC2AF8DD1900C7A5CD /* FirebaseRemoteConfigSwift */ = {
			isa = XCSwiftPackageProductDependency;
			package = CA7524BD2AF8DD1900C7A5CD /* XCRemoteSwiftPackageReference "firebase-ios-sdk" */;
			productName = FirebaseRemoteConfigSwift;
		};
		CA7524EE2AF8DD1900C7A5CD /* FirebaseStorage */ = {
			isa = XCSwiftPackageProductDependency;
			package = CA7524BD2AF8DD1900C7A5CD /* XCRemoteSwiftPackageReference "firebase-ios-sdk" */;
			productName = FirebaseStorage;
		};
		CA7524F02AF8DD1900C7A5CD /* FirebaseStorageCombine-Community */ = {
			isa = XCSwiftPackageProductDependency;
			package = CA7524BD2AF8DD1900C7A5CD /* XCRemoteSwiftPackageReference "firebase-ios-sdk" */;
			productName = "FirebaseStorageCombine-Community";
		};
/* End XCSwiftPackageProductDependency section */
	};
	rootObject = CAD304D02AF3800200A18306 /* Project object */;
}
